
Microsoft Visual Studio Solution File, Format Version 12.00
# Visual Studio Version 17
VisualStudioVersion = 17.0.31919.166
MinimumVisualStudioVersion = 10.0.40219.1
Project("{9A19103F-16F7-4668-BE54-9A1E7A4F7556}") = "Samples.Framework", "Samples.Framework\Samples.Framework.csproj", "{2AA0C9DF-5540-4092-8E66-4A8494821663}"
EndProject
Project("{9A19103F-16F7-4668-BE54-9A1E7A4F7556}") = "Samples.FrameworkTests", "Samples.FrameworkTests\Samples.FrameworkTests.csproj", "{65F34EAB-8222-4A44-9891-517364B2938D}"
EndProject
Project("{9A19103F-16F7-4668-BE54-9A1E7A4F7556}") = "Samples.xUnit", "Samples.xUnit\Samples.xUnit.csproj", "{A1913D59-6CDB-4409-B2D4-1C75394D58BE}"
EndProject
Project("{9A19103F-16F7-4668-BE54-9A1E7A4F7556}") = "Samples.LittleAspNetCoreBook", "Samples.LittleAspNetCoreBook\Samples.LittleAspNetCoreBook.csproj", "{AC6C5B00-431F-4FA6-8D45-7981F17D15BA}"
EndProject
Project("{9A19103F-16F7-4668-BE54-9A1E7A4F7556}") = "Samples.Console", "Samples.Console\Samples.Console.csproj", "{F464F842-22CE-4344-BE95-6696B7F0F65E}"
EndProject
Project("{FAE04EC0-301F-11D3-BF4B-00C04F79EFBC}") = "Samples.StaticFiles", "Samples.StaticFiles\Samples.StaticFiles.csproj", "{E28AF390-7776-4B27-8618-FB25AC3EC68A}"
EndProject
Global
	GlobalSection(SolutionConfigurationPlatforms) = preSolution
		Debug|Any CPU = Debug|Any CPU
		Release|Any CPU = Release|Any CPU
	EndGlobalSection
	GlobalSection(ProjectConfigurationPlatforms) = postSolution
		{2AA0C9DF-5540-4092-8E66-4A8494821663}.Debug|Any CPU.ActiveCfg = Debug|Any CPU
		{2AA0C9DF-5540-4092-8E66-4A8494821663}.Debug|Any CPU.Build.0 = Debug|Any CPU
		{2AA0C9DF-5540-4092-8E66-4A8494821663}.Release|Any CPU.ActiveCfg = Release|Any CPU
		{2AA0C9DF-5540-4092-8E66-4A8494821663}.Release|Any CPU.Build.0 = Release|Any CPU
		{65F34EAB-8222-4A44-9891-517364B2938D}.Debug|Any CPU.ActiveCfg = Debug|Any CPU
		{65F34EAB-8222-4A44-9891-517364B2938D}.Debug|Any CPU.Build.0 = Debug|Any CPU
		{65F34EAB-8222-4A44-9891-517364B2938D}.Release|Any CPU.ActiveCfg = Release|Any CPU
		{65F34EAB-8222-4A44-9891-517364B2938D}.Release|Any CPU.Build.0 = Release|Any CPU
		{A1913D59-6CDB-4409-B2D4-1C75394D58BE}.Debug|Any CPU.ActiveCfg = Debug|Any CPU
		{A1913D59-6CDB-4409-B2D4-1C75394D58BE}.Debug|Any CPU.Build.0 = Debug|Any CPU
		{A1913D59-6CDB-4409-B2D4-1C75394D58BE}.Release|Any CPU.ActiveCfg = Release|Any CPU
		{A1913D59-6CDB-4409-B2D4-1C75394D58BE}.Release|Any CPU.Build.0 = Release|Any CPU
		{AC6C5B00-431F-4FA6-8D45-7981F17D15BA}.Debug|Any CPU.ActiveCfg = Debug|Any CPU
		{AC6C5B00-431F-4FA6-8D45-7981F17D15BA}.Debug|Any CPU.Build.0 = Debug|Any CPU
		{AC6C5B00-431F-4FA6-8D45-7981F17D15BA}.Release|Any CPU.ActiveCfg = Release|Any CPU
		{AC6C5B00-431F-4FA6-8D45-7981F17D15BA}.Release|Any CPU.Build.0 = Release|Any CPU
		{F464F842-22CE-4344-BE95-6696B7F0F65E}.Debug|Any CPU.ActiveCfg = Debug|Any CPU
		{F464F842-22CE-4344-BE95-6696B7F0F65E}.Debug|Any CPU.Build.0 = Debug|Any CPU
		{F464F842-22CE-4344-BE95-6696B7F0F65E}.Release|Any CPU.ActiveCfg = Release|Any CPU
		{F464F842-22CE-4344-BE95-6696B7F0F65E}.Release|Any CPU.Build.0 = Release|Any CPU
		{E28AF390-7776-4B27-8618-FB25AC3EC68A}.Debug|Any CPU.ActiveCfg = Debug|Any CPU
		{E28AF390-7776-4B27-8618-FB25AC3EC68A}.Debug|Any CPU.Build.0 = Debug|Any CPU
		{E28AF390-7776-4B27-8618-FB25AC3EC68A}.Release|Any CPU.ActiveCfg = Release|Any CPU
		{E28AF390-7776-4B27-8618-FB25AC3EC68A}.Release|Any CPU.Build.0 = Release|Any CPU
	EndGlobalSection
	GlobalSection(SolutionProperties) = preSolution
		HideSolutionNode = FALSE
	EndGlobalSection
	GlobalSection(ExtensibilityGlobals) = postSolution
		SolutionGuid = {945A6CBC-E1D4-4905-9F16-D2BC657630B0}
	EndGlobalSection
EndGlobal
